
Microsoft Visual Studio Solution File, Format Version 10.00
# Visual Studio 2008
Project("{D183A3D8-5FD8-494B-B014-37F57B35E655}") = "CUD XML to CUD_Receiver", "CUD XML to CUD_Receiver\CUD XML to CUD_Receiver.dtproj", "{9C658BDF-4878-4FE0-BE2F-2C989754F537}"
EndProject
Global
	GlobalSection(SolutionConfigurationPlatforms) = preSolution
		Development|Default = Development|Default
	EndGlobalSection
	GlobalSection(ProjectConfigurationPlatforms) = postSolution
		{9C658BDF-4878-4FE0-BE2F-2C989754F537}.Development|Default.ActiveCfg = Development
		{9C658BDF-4878-4FE0-BE2F-2C989754F537}.Development|Default.Build.0 = Development
	EndGlobalSection
	GlobalSection(SolutionProperties) = preSolution
		HideSolutionNode = FALSE
	EndGlobalSection
EndGlobal
